
Microsoft Visual Studio Solution File, Format Version 11.00
# Visual Studio 2010
Project("{FAE04EC0-301F-11D3-BF4B-00C04F79EFBC}") = "AlienJust.Support.Loggers.Contracts", "AlienJust.Support.Loggers.Contracts\AlienJust.Support.Loggers.Contracts.csproj", "{A5497170-CBC1-49DF-B8EC-27AF40E733C5}"
EndProject
Project("{FAE04EC0-301F-11D3-BF4B-00C04F79EFBC}") = "AlienJust.Support.Loggers", "AlienJust.Support.Loggers\AlienJust.Support.Loggers.csproj", "{5A4FC6A0-917B-4942-BFAC-1640D66337F0}"
EndProject
Project("{FAE04EC0-301F-11D3-BF4B-00C04F79EFBC}") = "AlienJust.Support.Reflection", "AlienJust.Support.Assemblies\AlienJust.Support.Reflection.csproj", "{B6E41687-40C6-42A9-A523-3B92E9E952CA}"
EndProject
Project("{FAE04EC0-301F-11D3-BF4B-00C04F79EFBC}") = "AlienJust.Support.Numeric", "AlienJust.Support.Numeric\AlienJust.Support.Numeric.csproj", "{6184F030-6D29-4BAE-9B48-A85BF00BCA08}"
EndProject
Project("{FAE04EC0-301F-11D3-BF4B-00C04F79EFBC}") = "AlienJust.Support.ModelViewViewModel", "AlienJust.Support.ModelViewViewModel\AlienJust.Support.ModelViewViewModel.csproj", "{8243EFFF-56E0-4B4D-A8A1-277986B3C5FA}"
EndProject
Project("{FAE04EC0-301F-11D3-BF4B-00C04F79EFBC}") = "AlienJust.Support.Functional", "AlienJust.Support.Functional\AlienJust.Support.Functional.csproj", "{4E2872E4-78D5-45BF-9BEF-DC42A9FF3280}"
EndProject
Project("{FAE04EC0-301F-11D3-BF4B-00C04F79EFBC}") = "TestApp", "TestApp\TestApp.csproj", "{19D5E722-E932-4E64-92AF-C55E1A601E8A}"
EndProject
Project("{FAE04EC0-301F-11D3-BF4B-00C04F79EFBC}") = "RefToAll", "RefToAll\RefToAll.csproj", "{D54F78EF-F631-4A41-857D-C7D665F835E8}"
EndProject
Project("{FAE04EC0-301F-11D3-BF4B-00C04F79EFBC}") = "AlienJust.Support.IO", "AlienJust.Support.IO\AlienJust.Support.IO.csproj", "{FE8471A4-3C28-493D-A4BF-94B5F6F439F2}"
EndProject
Project("{FAE04EC0-301F-11D3-BF4B-00C04F79EFBC}") = "AlienJust.Support.Concurrent", "AlienJust.Support.Concurrent\AlienJust.Support.Concurrent.csproj", "{69FFC499-27AF-4065-8CE0-C31C430B4C61}"
EndProject
Project("{FAE04EC0-301F-11D3-BF4B-00C04F79EFBC}") = "AlienJust.Support.Text.Contracts", "AlienJust.Support.Text.Contracts\AlienJust.Support.Text.Contracts.csproj", "{6E952CB6-C573-4AE7-B43E-F35E98825E48}"
EndProject
Project("{FAE04EC0-301F-11D3-BF4B-00C04F79EFBC}") = "AlienJust.Support.Text", "AlienJust.Support.Text\AlienJust.Support.Text.csproj", "{EC611654-9830-4AA3-B45A-E8D8CDFDD5B5}"
EndProject
Global
	GlobalSection(SolutionConfigurationPlatforms) = preSolution
		Debug|Any CPU = Debug|Any CPU
		Debug|x86 = Debug|x86
		Release|Any CPU = Release|Any CPU
		Release|x86 = Release|x86
	EndGlobalSection
	GlobalSection(ProjectConfigurationPlatforms) = postSolution
		{A5497170-CBC1-49DF-B8EC-27AF40E733C5}.Debug|Any CPU.ActiveCfg = Debug|Any CPU
		{A5497170-CBC1-49DF-B8EC-27AF40E733C5}.Debug|Any CPU.Build.0 = Debug|Any CPU
		{A5497170-CBC1-49DF-B8EC-27AF40E733C5}.Debug|x86.ActiveCfg = Debug|x86
		{A5497170-CBC1-49DF-B8EC-27AF40E733C5}.Debug|x86.Build.0 = Debug|x86
		{A5497170-CBC1-49DF-B8EC-27AF40E733C5}.Release|Any CPU.ActiveCfg = Release|Any CPU
		{A5497170-CBC1-49DF-B8EC-27AF40E733C5}.Release|Any CPU.Build.0 = Release|Any CPU
		{A5497170-CBC1-49DF-B8EC-27AF40E733C5}.Release|x86.ActiveCfg = Release|x86
		{A5497170-CBC1-49DF-B8EC-27AF40E733C5}.Release|x86.Build.0 = Release|x86
		{5A4FC6A0-917B-4942-BFAC-1640D66337F0}.Debug|Any CPU.ActiveCfg = Debug|Any CPU
		{5A4FC6A0-917B-4942-BFAC-1640D66337F0}.Debug|Any CPU.Build.0 = Debug|Any CPU
		{5A4FC6A0-917B-4942-BFAC-1640D66337F0}.Debug|x86.ActiveCfg = Debug|x86
		{5A4FC6A0-917B-4942-BFAC-1640D66337F0}.Debug|x86.Build.0 = Debug|x86
		{5A4FC6A0-917B-4942-BFAC-1640D66337F0}.Release|Any CPU.ActiveCfg = Release|Any CPU
		{5A4FC6A0-917B-4942-BFAC-1640D66337F0}.Release|Any CPU.Build.0 = Release|Any CPU
		{5A4FC6A0-917B-4942-BFAC-1640D66337F0}.Release|x86.ActiveCfg = Release|x86
		{5A4FC6A0-917B-4942-BFAC-1640D66337F0}.Release|x86.Build.0 = Release|x86
		{B6E41687-40C6-42A9-A523-3B92E9E952CA}.Debug|Any CPU.ActiveCfg = Debug|Any CPU
		{B6E41687-40C6-42A9-A523-3B92E9E952CA}.Debug|Any CPU.Build.0 = Debug|Any CPU
		{B6E41687-40C6-42A9-A523-3B92E9E952CA}.Debug|x86.ActiveCfg = Debug|x86
		{B6E41687-40C6-42A9-A523-3B92E9E952CA}.Debug|x86.Build.0 = Debug|x86
		{B6E41687-40C6-42A9-A523-3B92E9E952CA}.Release|Any CPU.ActiveCfg = Release|Any CPU
		{B6E41687-40C6-42A9-A523-3B92E9E952CA}.Release|Any CPU.Build.0 = Release|Any CPU
		{B6E41687-40C6-42A9-A523-3B92E9E952CA}.Release|x86.ActiveCfg = Release|x86
		{B6E41687-40C6-42A9-A523-3B92E9E952CA}.Release|x86.Build.0 = Release|x86
		{6184F030-6D29-4BAE-9B48-A85BF00BCA08}.Debug|Any CPU.ActiveCfg = Debug|Any CPU
		{6184F030-6D29-4BAE-9B48-A85BF00BCA08}.Debug|Any CPU.Build.0 = Debug|Any CPU
		{6184F030-6D29-4BAE-9B48-A85BF00BCA08}.Debug|x86.ActiveCfg = Debug|Any CPU
		{6184F030-6D29-4BAE-9B48-A85BF00BCA08}.Release|Any CPU.ActiveCfg = Release|Any CPU
		{6184F030-6D29-4BAE-9B48-A85BF00BCA08}.Release|Any CPU.Build.0 = Release|Any CPU
		{6184F030-6D29-4BAE-9B48-A85BF00BCA08}.Release|x86.ActiveCfg = Release|x86
		{6184F030-6D29-4BAE-9B48-A85BF00BCA08}.Release|x86.Build.0 = Release|x86
		{8243EFFF-56E0-4B4D-A8A1-277986B3C5FA}.Debug|Any CPU.ActiveCfg = Debug|Any CPU
		{8243EFFF-56E0-4B4D-A8A1-277986B3C5FA}.Debug|Any CPU.Build.0 = Debug|Any CPU
		{8243EFFF-56E0-4B4D-A8A1-277986B3C5FA}.Debug|x86.ActiveCfg = Debug|Any CPU
		{8243EFFF-56E0-4B4D-A8A1-277986B3C5FA}.Release|Any CPU.ActiveCfg = Release|Any CPU
		{8243EFFF-56E0-4B4D-A8A1-277986B3C5FA}.Release|Any CPU.Build.0 = Release|Any CPU
		{8243EFFF-56E0-4B4D-A8A1-277986B3C5FA}.Release|x86.ActiveCfg = Release|x86
		{8243EFFF-56E0-4B4D-A8A1-277986B3C5FA}.Release|x86.Build.0 = Release|x86
		{4E2872E4-78D5-45BF-9BEF-DC42A9FF3280}.Debug|Any CPU.ActiveCfg = Debug|Any CPU
		{4E2872E4-78D5-45BF-9BEF-DC42A9FF3280}.Debug|Any CPU.Build.0 = Debug|Any CPU
		{4E2872E4-78D5-45BF-9BEF-DC42A9FF3280}.Debug|x86.ActiveCfg = Debug|Any CPU
		{4E2872E4-78D5-45BF-9BEF-DC42A9FF3280}.Release|Any CPU.ActiveCfg = Release|Any CPU
		{4E2872E4-78D5-45BF-9BEF-DC42A9FF3280}.Release|Any CPU.Build.0 = Release|Any CPU
		{4E2872E4-78D5-45BF-9BEF-DC42A9FF3280}.Release|x86.ActiveCfg = Release|x86
		{4E2872E4-78D5-45BF-9BEF-DC42A9FF3280}.Release|x86.Build.0 = Release|x86
		{19D5E722-E932-4E64-92AF-C55E1A601E8A}.Debug|Any CPU.ActiveCfg = Debug|x86
		{19D5E722-E932-4E64-92AF-C55E1A601E8A}.Debug|x86.ActiveCfg = Debug|x86
		{19D5E722-E932-4E64-92AF-C55E1A601E8A}.Debug|x86.Build.0 = Debug|x86
		{19D5E722-E932-4E64-92AF-C55E1A601E8A}.Release|Any CPU.ActiveCfg = Release|Any CPU
		{19D5E722-E932-4E64-92AF-C55E1A601E8A}.Release|Any CPU.Build.0 = Release|Any CPU
		{19D5E722-E932-4E64-92AF-C55E1A601E8A}.Release|x86.ActiveCfg = Release|x86
		{19D5E722-E932-4E64-92AF-C55E1A601E8A}.Release|x86.Build.0 = Release|x86
		{D54F78EF-F631-4A41-857D-C7D665F835E8}.Debug|Any CPU.ActiveCfg = Debug|Any CPU
		{D54F78EF-F631-4A41-857D-C7D665F835E8}.Debug|Any CPU.Build.0 = Debug|Any CPU
		{D54F78EF-F631-4A41-857D-C7D665F835E8}.Debug|x86.ActiveCfg = Debug|Any CPU
		{D54F78EF-F631-4A41-857D-C7D665F835E8}.Release|Any CPU.ActiveCfg = Release|Any CPU
		{D54F78EF-F631-4A41-857D-C7D665F835E8}.Release|Any CPU.Build.0 = Release|Any CPU
		{D54F78EF-F631-4A41-857D-C7D665F835E8}.Release|x86.ActiveCfg = Release|x86
		{D54F78EF-F631-4A41-857D-C7D665F835E8}.Release|x86.Build.0 = Release|x86
		{FE8471A4-3C28-493D-A4BF-94B5F6F439F2}.Debug|Any CPU.ActiveCfg = Debug|Any CPU
		{FE8471A4-3C28-493D-A4BF-94B5F6F439F2}.Debug|Any CPU.Build.0 = Debug|Any CPU
		{FE8471A4-3C28-493D-A4BF-94B5F6F439F2}.Debug|x86.ActiveCfg = Debug|Any CPU
		{FE8471A4-3C28-493D-A4BF-94B5F6F439F2}.Release|Any CPU.ActiveCfg = Release|Any CPU
		{FE8471A4-3C28-493D-A4BF-94B5F6F439F2}.Release|Any CPU.Build.0 = Release|Any CPU
		{FE8471A4-3C28-493D-A4BF-94B5F6F439F2}.Release|x86.ActiveCfg = Release|x86
		{FE8471A4-3C28-493D-A4BF-94B5F6F439F2}.Release|x86.Build.0 = Release|x86
		{69FFC499-27AF-4065-8CE0-C31C430B4C61}.Debug|Any CPU.ActiveCfg = Debug|Any CPU
		{69FFC499-27AF-4065-8CE0-C31C430B4C61}.Debug|Any CPU.Build.0 = Debug|Any CPU
		{69FFC499-27AF-4065-8CE0-C31C430B4C61}.Debug|x86.ActiveCfg = Debug|Any CPU
		{69FFC499-27AF-4065-8CE0-C31C430B4C61}.Release|Any CPU.ActiveCfg = Release|Any CPU
		{69FFC499-27AF-4065-8CE0-C31C430B4C61}.Release|Any CPU.Build.0 = Release|Any CPU
		{69FFC499-27AF-4065-8CE0-C31C430B4C61}.Release|x86.ActiveCfg = Release|x86
		{69FFC499-27AF-4065-8CE0-C31C430B4C61}.Release|x86.Build.0 = Release|x86
		{6E952CB6-C573-4AE7-B43E-F35E98825E48}.Debug|Any CPU.ActiveCfg = Debug|Any CPU
		{6E952CB6-C573-4AE7-B43E-F35E98825E48}.Debug|Any CPU.Build.0 = Debug|Any CPU
		{6E952CB6-C573-4AE7-B43E-F35E98825E48}.Debug|x86.ActiveCfg = Debug|Any CPU
		{6E952CB6-C573-4AE7-B43E-F35E98825E48}.Release|Any CPU.ActiveCfg = Release|Any CPU
		{6E952CB6-C573-4AE7-B43E-F35E98825E48}.Release|Any CPU.Build.0 = Release|Any CPU
		{6E952CB6-C573-4AE7-B43E-F35E98825E48}.Release|x86.ActiveCfg = Release|Any CPU
		{EC611654-9830-4AA3-B45A-E8D8CDFDD5B5}.Debug|Any CPU.ActiveCfg = Debug|Any CPU
		{EC611654-9830-4AA3-B45A-E8D8CDFDD5B5}.Debug|Any CPU.Build.0 = Debug|Any CPU
		{EC611654-9830-4AA3-B45A-E8D8CDFDD5B5}.Debug|x86.ActiveCfg = Debug|Any CPU
		{EC611654-9830-4AA3-B45A-E8D8CDFDD5B5}.Release|Any CPU.ActiveCfg = Release|Any CPU
		{EC611654-9830-4AA3-B45A-E8D8CDFDD5B5}.Release|Any CPU.Build.0 = Release|Any CPU
		{EC611654-9830-4AA3-B45A-E8D8CDFDD5B5}.Release|x86.ActiveCfg = Release|Any CPU
	EndGlobalSection
	GlobalSection(SolutionProperties) = preSolution
		HideSolutionNode = FALSE
	EndGlobalSection
EndGlobal
